# This is a Gradle generated file for dependency locking.
# Manual edits can break the build and are not advised.
# This file is expected to be part of source control.
org.jetbrains.kotlin:kotlin-build-tools-api:2.4.10=kotlinCompilerClasspath
org.jetbrains.kotlin:kotlin-build-tools-compat:2.4.10=kotlinCompilerClasspath
org.jetbrains.kotlin:kotlin-build-tools-cri-impl:2.4.10=kotlinCompilerClasspath
org.jetbrains.kotlin:kotlin-build-tools-impl:2.4.10=kotlinCompilerClasspath
org.jetbrains.kotlin:kotlin-compiler-embeddable:2.4.10=kotlinCompilerClasspath
org.jetbrains.kotlin:kotlin-compiler-runner:2.4.10=kotlinCompilerClasspath
org.jetbrains.kotlin:kotlin-daemon-client:2.4.10=kotlinCompilerClasspath
org.jetbrains.kotlin:kotlin-daemon-embeddable:2.4.10=kotlinCompilerClasspath
org.jetbrains.kotlin:kotlin-dom-api-compat:2.4.10=jsCompileClasspath,jsNpmAggregated,jsTestNpmAggregated
org.jetbrains.kotlin:kotlin-reflect:1.6.10=kotlinCompilerClasspath
org.jetbrains.kotlin:kotlin-script-runtime:2.4.10=kotlinCompilerClasspath,kotlinCompilerPluginClasspathJsMain,kotlinCompilerPluginClasspathWasmJsMain
org.jetbrains.kotlin:kotlin-scripting-common:2.4.10=kotlinCompilerPluginClasspathJsMain,kotlinCompilerPluginClasspathWasmJsMain
org.jetbrains.kotlin:kotlin-scripting-compiler-embeddable:2.4.10=kotlinCompilerPluginClasspathJsMain,kotlinCompilerPluginClasspathWasmJsMain
org.jetbrains.kotlin:kotlin-scripting-compiler-impl-embeddable:2.4.10=kotlinCompilerPluginClasspathJsMain,kotlinCompilerPluginClasspathWasmJsMain
org.jetbrains.kotlin:kotlin-scripting-jvm:2.4.10=kotlinCompilerPluginClasspathJsMain,kotlinCompilerPluginClasspathWasmJsMain
org.jetbrains.kotlin:kotlin-stdlib-js:2.4.10=jsCompileClasspath,jsNpmAggregated,jsTestNpmAggregated
org.jetbrains.kotlin:kotlin-stdlib-wasm-js:2.4.10=wasmJsCompileClasspath,wasmJsNpmAggregated,wasmJsTestNpmAggregated
org.jetbrains.kotlin:kotlin-stdlib:2.4.10=jsCompileClasspath,jsNpmAggregated,jsTestNpmAggregated,jvmCompileClasspath,kotlinCompilerClasspath,kotlinCompilerPluginClasspathJsMain,kotlinCompilerPluginClasspathWasmJsMain,macosArm64CompileKlibraries,wasmJsCompileClasspath,wasmJsNpmAggregated,wasmJsTestNpmAggregated
org.jetbrains.kotlin:kotlin-tooling-core:2.4.10=kotlinCompilerClasspath
org.jetbrains.kotlinx:kotlinx-coroutines-core-jvm:1.8.0=kotlinCompilerClasspath
org.jetbrains:annotations:13.0=jvmCompileClasspath,kotlinCompilerClasspath,kotlinCompilerPluginClasspathJsMain,kotlinCompilerPluginClasspathWasmJsMain
empty=
