{
  "schema_version": 1,
  "atlas_id": "kotlin-reference-atlas",
  "epoch": "2026-08-28",
  "generated_at": "2026-08-28T00:00:00+09:00",
  "sources": [
    {
      "id": "reference-atlas-core-v1",
      "kind": "source",
      "title": "Reference Atlas Core Architecture v1",
      "url": "https://github.com/akaitigo/reference-atlas-core/commit/d5c0a6ce757fd5f43af837edd26f55c7325b811e",
      "version": "git:d5c0a6ce757fd5f43af837edd26f55c7325b811e",
      "retrieved_at": "2026-08-28",
      "digest": "sha256:67120b38028fa871625f370f3688e52a4963df1f318d6e4b30a1cb6b8accbc38",
      "license": "Apache-2.0",
      "redistribution": "metadata-only"
    },
    {
      "id": "reference-atlas-core-definitive-v2",
      "kind": "source",
      "title": "Reference Atlas Core Definitive Gate v2",
      "url": "https://github.com/akaitigo/reference-atlas-core/commit/be19ddaa411fe60dcf12f0f5d457902bb57b9eb3",
      "version": "git:be19ddaa411fe60dcf12f0f5d457902bb57b9eb3",
      "retrieved_at": "2026-08-28",
      "digest": "sha256:2610dae39f7a2299572d614a8e963b4d6406602b92653be1f10586ed75fad7f5",
      "license": "Apache-2.0",
      "redistribution": "metadata-only"
    },
    {
      "id": "kotlin-spec-snapshot",
      "kind": "specification",
      "title": "Kotlin language specification source snapshot",
      "url": "https://github.com/Kotlin/kotlin-spec/commit/2f7aa0524ec27e788dfacd550f144809f2e0254c",
      "version": "git:2f7aa0524ec27e788dfacd550f144809f2e0254c",
      "retrieved_at": "2026-08-28",
      "digest": "sha256:2f54cc199a31ef55ccce24d1c068235be46d1f74f48d84a8230929d4a6184af4",
      "license": "Apache-2.0",
      "redistribution": "metadata-only"
    },
    {
      "id": "kotlin-docs-snapshot",
      "kind": "official-documentation",
      "title": "Kotlin official documentation source snapshot",
      "url": "https://github.com/JetBrains/kotlin-web-site/commit/135c79983f678c6367c5cc19eb5d8445eb3c95ce",
      "version": "git:135c79983f678c6367c5cc19eb5d8445eb3c95ce",
      "retrieved_at": "2026-08-28",
      "digest": "sha256:3200d58d59e7ad08b9306a755aa0fd440b3a0264c7c3dc488cf3201d81fe54de",
      "license": "Apache-2.0",
      "redistribution": "metadata-only"
    },
    {
      "id": "kotlin-keep-snapshot",
      "kind": "official-documentation",
      "title": "Kotlin Evolution and Enhancement Process snapshot",
      "url": "https://github.com/Kotlin/KEEP/commit/f6fdf1e5535cca71b8ed6676e2c3d777fdded34e",
      "version": "git:f6fdf1e5535cca71b8ed6676e2c3d777fdded34e",
      "retrieved_at": "2026-08-28",
      "digest": "sha256:bd43689297ab1ec0060953dab43aff276fc37491327ee2b341dce493a199d930",
      "license": "Apache-2.0",
      "redistribution": "metadata-only"
    },
    {
      "id": "kotlin-compiler-source-2.4.10",
      "kind": "source",
      "title": "Kotlin compiler source snapshot 2.4.10",
      "url": "https://github.com/JetBrains/kotlin/commit/5687445832cd835b4509b9fbc264cdf1a8201093",
      "version": "2.4.10+git.5687445832cd835b4509b9fbc264cdf1a8201093",
      "retrieved_at": "2026-08-28",
      "digest": "sha256:c1955090a98fbec3283cb09cad57985267d4d811f9000749225e1dfc78377902",
      "license": "Apache-2.0",
      "redistribution": "metadata-only"
    },
    {
      "id": "kotlin-stdlib-source-2.4.10",
      "kind": "source",
      "title": "Kotlin standard library source snapshot 2.4.10",
      "url": "https://github.com/JetBrains/kotlin/commit/5687445832cd835b4509b9fbc264cdf1a8201093",
      "version": "2.4.10+git.5687445832cd835b4509b9fbc264cdf1a8201093",
      "retrieved_at": "2026-08-28",
      "digest": "sha256:c1955090a98fbec3283cb09cad57985267d4d811f9000749225e1dfc78377902",
      "license": "Apache-2.0",
      "redistribution": "metadata-only"
    },
    {
      "id": "kotlin-native-source-2.4.10",
      "kind": "source",
      "title": "Kotlin Native runtime and interop source snapshot 2.4.10",
      "url": "https://github.com/JetBrains/kotlin/commit/5687445832cd835b4509b9fbc264cdf1a8201093",
      "version": "2.4.10+git.5687445832cd835b4509b9fbc264cdf1a8201093",
      "retrieved_at": "2026-08-28",
      "digest": "sha256:c1955090a98fbec3283cb09cad57985267d4d811f9000749225e1dfc78377902",
      "license": "Apache-2.0",
      "redistribution": "metadata-only"
    },
    {
      "id": "kotlinx-coroutines-source-1.11.0",
      "kind": "source",
      "title": "kotlinx.coroutines source snapshot 1.11.0",
      "url": "https://github.com/Kotlin/kotlinx.coroutines/commit/8564f65764d3d05893cec026c6e94250e2b23874",
      "version": "1.11.0+git.8564f65764d3d05893cec026c6e94250e2b23874",
      "retrieved_at": "2026-08-28",
      "digest": "sha256:ff25c4fd2855309cc047a17136f350579a3561e58c10515251063b81b8b8afef",
      "license": "Apache-2.0",
      "redistribution": "metadata-only"
    },
    {
      "id": "kotlinx-serialization-source-snapshot",
      "kind": "source",
      "title": "kotlinx.serialization source snapshot",
      "url": "https://github.com/Kotlin/kotlinx.serialization/commit/25c2a755cbe6926a63003f3a51527bb731e8cd14",
      "version": "git:25c2a755cbe6926a63003f3a51527bb731e8cd14",
      "retrieved_at": "2026-08-28",
      "digest": "sha256:001b56cf980a08cab723a9081c0b93ce81539c3a2c221f471c03c778ee04c8de",
      "license": "Apache-2.0",
      "redistribution": "metadata-only"
    },
    {
      "id": "gradle-source-9.5.0",
      "kind": "source",
      "title": "Gradle source snapshot 9.5.0",
      "url": "https://github.com/gradle/gradle/commit/3fe117d68f3907790f3809f121aa36303a9151f8",
      "version": "9.5.0+git.3fe117d68f3907790f3809f121aa36303a9151f8",
      "retrieved_at": "2026-08-28",
      "digest": "sha256:63f6246f601e260c3db5e6325599a9fca69cafc8868e90237a9c4c51d7502b85",
      "license": "Apache-2.0",
      "redistribution": "metadata-only"
    },
    {
      "id": "kotlin-compiler-2.4.10",
      "kind": "source",
      "title": "Kotlin compiler 2.4.10 binary distribution",
      "url": "https://github.com/JetBrains/kotlin/releases/download/v2.4.10/kotlin-compiler-2.4.10.zip",
      "version": "2.4.10",
      "retrieved_at": "2026-08-28",
      "digest": "sha256:473dd66c7a3ef4b182065b3da670466c1bf2773a9dbb0ed8b33a39fe9d4f876d",
      "license": "Apache-2.0",
      "redistribution": "link-only"
    },
    {
      "id": "gradle-9.5.0",
      "kind": "source",
      "title": "Gradle 9.5.0 binary distribution",
      "url": "https://services.gradle.org/distributions/gradle-9.5.0-bin.zip",
      "version": "9.5.0",
      "retrieved_at": "2026-08-28",
      "digest": "sha256:553c78f50dafcd54d65b9a444649057857469edf836431389695608536d6b746",
      "license": "Apache-2.0",
      "redistribution": "link-only"
    },
    {
      "id": "kotlin-stdlib-jvm-2.4.10",
      "kind": "source",
      "title": "Kotlin stdlib JVM 2.4.10",
      "url": "https://repo1.maven.org/maven2/org/jetbrains/kotlin/kotlin-stdlib/2.4.10/kotlin-stdlib-2.4.10.jar",
      "version": "2.4.10",
      "retrieved_at": "2026-08-28",
      "digest": "sha256:4ec0293bc3751423b203f1d8493251c57c42e73eb6377a6b8560d0974ff0a6df",
      "license": "Apache-2.0",
      "redistribution": "link-only"
    },
    {
      "id": "kotlin-stdlib-js-2.4.10",
      "kind": "source",
      "title": "Kotlin stdlib JS KLIB 2.4.10",
      "url": "https://repo1.maven.org/maven2/org/jetbrains/kotlin/kotlin-stdlib-js/2.4.10/kotlin-stdlib-js-2.4.10.klib",
      "version": "2.4.10",
      "retrieved_at": "2026-08-28",
      "digest": "sha256:1b8208cd3ec7c6106261fd1f4b37ea11a075ea07d9e5a2231326a5703038a632",
      "license": "Apache-2.0",
      "redistribution": "link-only"
    },
    {
      "id": "kotlin-stdlib-wasm-js-2.4.10",
      "kind": "source",
      "title": "Kotlin stdlib Wasm JS KLIB 2.4.10",
      "url": "https://repo1.maven.org/maven2/org/jetbrains/kotlin/kotlin-stdlib-wasm-js/2.4.10/kotlin-stdlib-wasm-js-2.4.10.klib",
      "version": "2.4.10",
      "retrieved_at": "2026-08-28",
      "digest": "sha256:4da1327c168060f0f4a08f41f2e9db9ec76f161cc5765470a03a7c7e0f815925",
      "license": "Apache-2.0",
      "redistribution": "link-only"
    },
    {
      "id": "kotlin-native-macos-arm64-2.4.10",
      "kind": "source",
      "title": "Kotlin Native macOS arm64 prebuilt 2.4.10",
      "url": "https://repo1.maven.org/maven2/org/jetbrains/kotlin/kotlin-native-prebuilt/2.4.10/kotlin-native-prebuilt-2.4.10-macos-aarch64.tar.gz",
      "version": "2.4.10",
      "retrieved_at": "2026-08-28",
      "digest": "sha256:55ded039bb56a69aec9df354a92b42df9e916104e3c53d8d9852d9cc6617ed9d",
      "license": "Apache-2.0",
      "redistribution": "link-only"
    },
    {
      "id": "kotlinx-coroutines-core-jvm-1.11.0",
      "kind": "source",
      "title": "kotlinx-coroutines-core-jvm 1.11.0",
      "url": "https://repo1.maven.org/maven2/org/jetbrains/kotlinx/kotlinx-coroutines-core-jvm/1.11.0/kotlinx-coroutines-core-jvm-1.11.0.jar",
      "version": "1.11.0",
      "retrieved_at": "2026-08-28",
      "digest": "sha256:d1d75aa01dffbb4d1c520e67e4c4e7f5f6174718e7cb4632412503f2f0e604fa",
      "license": "Apache-2.0",
      "redistribution": "link-only"
    }
  ]
}
