{
  "name": "kotlin-reference-atlas",
  "version": "0.2.0",
  "lockfileVersion": 3,
  "requires": true,
  "packages": {
    "": {
      "name": "kotlin-reference-atlas",
      "version": "0.2.0",
      "workspaces": [
        "packages/kotlin-reference-atlas-labs-abi-metadata-kmp-api-future",
        "packages/kotlin-reference-atlas-labs-abi-metadata-kmp-api-future-test",
        "packages/kotlin-reference-atlas-labs-abi-metadata-kmp-api-supported",
        "packages/kotlin-reference-atlas-labs-abi-metadata-kmp-api-supported-test",
        "packages/kotlin-reference-atlas-labs-abi-metadata-kmp-consumer-override",
        "packages/kotlin-reference-atlas-labs-abi-metadata-kmp-consumer-override-test",
        "packages/kotlin-reference-atlas-labs-abi-metadata-kmp-consumer-rejected",
        "packages/kotlin-reference-atlas-labs-abi-metadata-kmp-consumer-rejected-test",
        "packages/kotlin-reference-atlas-labs-abi-metadata-kmp-consumer-supported",
        "packages/kotlin-reference-atlas-labs-abi-metadata-kmp-consumer-supported-test",
        "packages/kotlin-reference-atlas-labs-abi-runtime-security",
        "packages/kotlin-reference-atlas-labs-abi-runtime-security-test",
        "packages/kotlin-reference-atlas-labs-compiler-runtime-security",
        "packages/kotlin-reference-atlas-labs-compiler-runtime-security-test",
        "packages/kotlin-reference-atlas-labs-multiplatform",
        "packages/kotlin-reference-atlas-labs-multiplatform-test"
      ],
      "devDependencies": {}
    },
    "node_modules/kotlin-reference-atlas-labs-abi-metadata-kmp-api-future": {
      "resolved": "packages/kotlin-reference-atlas-labs-abi-metadata-kmp-api-future",
      "link": true
    },
    "node_modules/kotlin-reference-atlas-labs-abi-metadata-kmp-api-future-test": {
      "resolved": "packages/kotlin-reference-atlas-labs-abi-metadata-kmp-api-future-test",
      "link": true
    },
    "node_modules/kotlin-reference-atlas-labs-abi-metadata-kmp-api-supported": {
      "resolved": "packages/kotlin-reference-atlas-labs-abi-metadata-kmp-api-supported",
      "link": true
    },
    "node_modules/kotlin-reference-atlas-labs-abi-metadata-kmp-api-supported-test": {
      "resolved": "packages/kotlin-reference-atlas-labs-abi-metadata-kmp-api-supported-test",
      "link": true
    },
    "node_modules/kotlin-reference-atlas-labs-abi-metadata-kmp-consumer-override": {
      "resolved": "packages/kotlin-reference-atlas-labs-abi-metadata-kmp-consumer-override",
      "link": true
    },
    "node_modules/kotlin-reference-atlas-labs-abi-metadata-kmp-consumer-override-test": {
      "resolved": "packages/kotlin-reference-atlas-labs-abi-metadata-kmp-consumer-override-test",
      "link": true
    },
    "node_modules/kotlin-reference-atlas-labs-abi-metadata-kmp-consumer-rejected": {
      "resolved": "packages/kotlin-reference-atlas-labs-abi-metadata-kmp-consumer-rejected",
      "link": true
    },
    "node_modules/kotlin-reference-atlas-labs-abi-metadata-kmp-consumer-rejected-test": {
      "resolved": "packages/kotlin-reference-atlas-labs-abi-metadata-kmp-consumer-rejected-test",
      "link": true
    },
    "node_modules/kotlin-reference-atlas-labs-abi-metadata-kmp-consumer-supported": {
      "resolved": "packages/kotlin-reference-atlas-labs-abi-metadata-kmp-consumer-supported",
      "link": true
    },
    "node_modules/kotlin-reference-atlas-labs-abi-metadata-kmp-consumer-supported-test": {
      "resolved": "packages/kotlin-reference-atlas-labs-abi-metadata-kmp-consumer-supported-test",
      "link": true
    },
    "node_modules/kotlin-reference-atlas-labs-abi-runtime-security": {
      "resolved": "packages/kotlin-reference-atlas-labs-abi-runtime-security",
      "link": true
    },
    "node_modules/kotlin-reference-atlas-labs-abi-runtime-security-test": {
      "resolved": "packages/kotlin-reference-atlas-labs-abi-runtime-security-test",
      "link": true
    },
    "node_modules/kotlin-reference-atlas-labs-compiler-runtime-security": {
      "resolved": "packages/kotlin-reference-atlas-labs-compiler-runtime-security",
      "link": true
    },
    "node_modules/kotlin-reference-atlas-labs-compiler-runtime-security-test": {
      "resolved": "packages/kotlin-reference-atlas-labs-compiler-runtime-security-test",
      "link": true
    },
    "node_modules/kotlin-reference-atlas-labs-multiplatform": {
      "resolved": "packages/kotlin-reference-atlas-labs-multiplatform",
      "link": true
    },
    "node_modules/kotlin-reference-atlas-labs-multiplatform-test": {
      "resolved": "packages/kotlin-reference-atlas-labs-multiplatform-test",
      "link": true
    },
    "packages/kotlin-reference-atlas-labs-abi-metadata-kmp-api-future": {
      "version": "0.2.0",
      "devDependencies": {}
    },
    "packages/kotlin-reference-atlas-labs-abi-metadata-kmp-api-future-test": {
      "version": "0.2.0",
      "devDependencies": {}
    },
    "packages/kotlin-reference-atlas-labs-abi-metadata-kmp-api-supported": {
      "version": "0.2.0",
      "devDependencies": {}
    },
    "packages/kotlin-reference-atlas-labs-abi-metadata-kmp-api-supported-test": {
      "version": "0.2.0",
      "devDependencies": {}
    },
    "packages/kotlin-reference-atlas-labs-abi-metadata-kmp-consumer-override": {
      "version": "0.2.0",
      "devDependencies": {}
    },
    "packages/kotlin-reference-atlas-labs-abi-metadata-kmp-consumer-override-test": {
      "version": "0.2.0",
      "devDependencies": {}
    },
    "packages/kotlin-reference-atlas-labs-abi-metadata-kmp-consumer-rejected": {
      "version": "0.2.0",
      "devDependencies": {}
    },
    "packages/kotlin-reference-atlas-labs-abi-metadata-kmp-consumer-rejected-test": {
      "version": "0.2.0",
      "devDependencies": {}
    },
    "packages/kotlin-reference-atlas-labs-abi-metadata-kmp-consumer-supported": {
      "version": "0.2.0",
      "devDependencies": {}
    },
    "packages/kotlin-reference-atlas-labs-abi-metadata-kmp-consumer-supported-test": {
      "version": "0.2.0",
      "devDependencies": {}
    },
    "packages/kotlin-reference-atlas-labs-abi-runtime-security": {
      "version": "0.2.0",
      "devDependencies": {}
    },
    "packages/kotlin-reference-atlas-labs-abi-runtime-security-test": {
      "version": "0.2.0",
      "devDependencies": {}
    },
    "packages/kotlin-reference-atlas-labs-compiler-runtime-security": {
      "version": "0.2.0",
      "devDependencies": {}
    },
    "packages/kotlin-reference-atlas-labs-compiler-runtime-security-test": {
      "version": "0.2.0",
      "devDependencies": {}
    },
    "packages/kotlin-reference-atlas-labs-multiplatform": {
      "version": "0.2.0",
      "devDependencies": {}
    },
    "packages/kotlin-reference-atlas-labs-multiplatform-test": {
      "version": "0.2.0",
      "devDependencies": {}
    }
  }
}
