{
  "name": "kotlin-reference-atlas",
  "version": "0.2.0",
  "lockfileVersion": 3,
  "requires": true,
  "packages": {
    "": {
      "name": "kotlin-reference-atlas",
      "version": "0.2.0",
      "workspaces": [
        "packages/kotlin-reference-atlas-labs-abi-runtime-security",
        "packages/kotlin-reference-atlas-labs-abi-runtime-security-test",
        "packages/kotlin-reference-atlas-labs-compiler-runtime-security",
        "packages/kotlin-reference-atlas-labs-compiler-runtime-security-test",
        "packages/kotlin-reference-atlas-labs-multiplatform",
        "packages/kotlin-reference-atlas-labs-multiplatform-test"
      ],
      "devDependencies": {}
    },
    "node_modules/kotlin-reference-atlas-labs-abi-runtime-security": {
      "resolved": "packages/kotlin-reference-atlas-labs-abi-runtime-security",
      "link": true
    },
    "node_modules/kotlin-reference-atlas-labs-abi-runtime-security-test": {
      "resolved": "packages/kotlin-reference-atlas-labs-abi-runtime-security-test",
      "link": true
    },
    "node_modules/kotlin-reference-atlas-labs-compiler-runtime-security": {
      "resolved": "packages/kotlin-reference-atlas-labs-compiler-runtime-security",
      "link": true
    },
    "node_modules/kotlin-reference-atlas-labs-compiler-runtime-security-test": {
      "resolved": "packages/kotlin-reference-atlas-labs-compiler-runtime-security-test",
      "link": true
    },
    "node_modules/kotlin-reference-atlas-labs-multiplatform": {
      "resolved": "packages/kotlin-reference-atlas-labs-multiplatform",
      "link": true
    },
    "node_modules/kotlin-reference-atlas-labs-multiplatform-test": {
      "resolved": "packages/kotlin-reference-atlas-labs-multiplatform-test",
      "link": true
    },
    "packages/kotlin-reference-atlas-labs-abi-runtime-security": {
      "version": "0.2.0",
      "devDependencies": {}
    },
    "packages/kotlin-reference-atlas-labs-abi-runtime-security-test": {
      "version": "0.2.0",
      "devDependencies": {}
    },
    "packages/kotlin-reference-atlas-labs-compiler-runtime-security": {
      "version": "0.2.0",
      "devDependencies": {}
    },
    "packages/kotlin-reference-atlas-labs-compiler-runtime-security-test": {
      "version": "0.2.0",
      "devDependencies": {}
    },
    "packages/kotlin-reference-atlas-labs-multiplatform": {
      "version": "0.2.0",
      "devDependencies": {}
    },
    "packages/kotlin-reference-atlas-labs-multiplatform-test": {
      "version": "0.2.0",
      "devDependencies": {}
    }
  }
}
